
Microsoft Visual Studio Solution File, Format Version 12.00
# Visual Studio 15
VisualStudioVersion = 15.0.26124.0
MinimumVisualStudioVersion = 15.0.26124.0
Project("{FAE04EC0-301F-11D3-BF4B-00C04F79EFBC}") = "Strogg.Core", "Strogg.Core\Strogg.Core.csproj", "{E801C9E8-7F6E-4687-BFFE-894B9425E3A0}"
EndProject
Project("{FAE04EC0-301F-11D3-BF4B-00C04F79EFBC}") = "Strogg.Network", "Strogg.Network\Strogg.Network.csproj", "{AD93780B-FFFA-478B-BB5E-18DC96154A28}"
EndProject
Global
	GlobalSection(SolutionConfigurationPlatforms) = preSolution
		Debug|Any CPU = Debug|Any CPU
		Debug|x64 = Debug|x64
		Debug|x86 = Debug|x86
		Release|Any CPU = Release|Any CPU
		Release|x64 = Release|x64
		Release|x86 = Release|x86
	EndGlobalSection
	GlobalSection(SolutionProperties) = preSolution
		HideSolutionNode = FALSE
	EndGlobalSection
	GlobalSection(ProjectConfigurationPlatforms) = postSolution
		{E801C9E8-7F6E-4687-BFFE-894B9425E3A0}.Debug|Any CPU.ActiveCfg = Debug|Any CPU
		{E801C9E8-7F6E-4687-BFFE-894B9425E3A0}.Debug|Any CPU.Build.0 = Debug|Any CPU
		{E801C9E8-7F6E-4687-BFFE-894B9425E3A0}.Debug|x64.ActiveCfg = Debug|Any CPU
		{E801C9E8-7F6E-4687-BFFE-894B9425E3A0}.Debug|x64.Build.0 = Debug|Any CPU
		{E801C9E8-7F6E-4687-BFFE-894B9425E3A0}.Debug|x86.ActiveCfg = Debug|Any CPU
		{E801C9E8-7F6E-4687-BFFE-894B9425E3A0}.Debug|x86.Build.0 = Debug|Any CPU
		{E801C9E8-7F6E-4687-BFFE-894B9425E3A0}.Release|Any CPU.ActiveCfg = Release|Any CPU
		{E801C9E8-7F6E-4687-BFFE-894B9425E3A0}.Release|Any CPU.Build.0 = Release|Any CPU
		{E801C9E8-7F6E-4687-BFFE-894B9425E3A0}.Release|x64.ActiveCfg = Release|Any CPU
		{E801C9E8-7F6E-4687-BFFE-894B9425E3A0}.Release|x64.Build.0 = Release|Any CPU
		{E801C9E8-7F6E-4687-BFFE-894B9425E3A0}.Release|x86.ActiveCfg = Release|Any CPU
		{E801C9E8-7F6E-4687-BFFE-894B9425E3A0}.Release|x86.Build.0 = Release|Any CPU
		{AD93780B-FFFA-478B-BB5E-18DC96154A28}.Debug|Any CPU.ActiveCfg = Debug|Any CPU
		{AD93780B-FFFA-478B-BB5E-18DC96154A28}.Debug|Any CPU.Build.0 = Debug|Any CPU
		{AD93780B-FFFA-478B-BB5E-18DC96154A28}.Debug|x64.ActiveCfg = Debug|Any CPU
		{AD93780B-FFFA-478B-BB5E-18DC96154A28}.Debug|x64.Build.0 = Debug|Any CPU
		{AD93780B-FFFA-478B-BB5E-18DC96154A28}.Debug|x86.ActiveCfg = Debug|Any CPU
		{AD93780B-FFFA-478B-BB5E-18DC96154A28}.Debug|x86.Build.0 = Debug|Any CPU
		{AD93780B-FFFA-478B-BB5E-18DC96154A28}.Release|Any CPU.ActiveCfg = Release|Any CPU
		{AD93780B-FFFA-478B-BB5E-18DC96154A28}.Release|Any CPU.Build.0 = Release|Any CPU
		{AD93780B-FFFA-478B-BB5E-18DC96154A28}.Release|x64.ActiveCfg = Release|Any CPU
		{AD93780B-FFFA-478B-BB5E-18DC96154A28}.Release|x64.Build.0 = Release|Any CPU
		{AD93780B-FFFA-478B-BB5E-18DC96154A28}.Release|x86.ActiveCfg = Release|Any CPU
		{AD93780B-FFFA-478B-BB5E-18DC96154A28}.Release|x86.Build.0 = Release|Any CPU
	EndGlobalSection
EndGlobal
